
Microsoft Visual Studio Solution File, Format Version 12.00
# Visual Studio Version 17
VisualStudioVersion = 17.7.34221.43
MinimumVisualStudioVersion = 10.0.40219.1
Project("{9A19103F-16F7-4668-BE54-9A1E7A4F7556}") = "GastroGo.Server", "GastroGo\Server\GastroGo.Server.csproj", "{6FC6D519-3170-4066-A346-5C5E6E1AC734}"
EndProject
Project("{9A19103F-16F7-4668-BE54-9A1E7A4F7556}") = "GastroGo.Client", "GastroGo\Client\GastroGo.Client.csproj", "{5B3D321D-E95D-4DD3-BFC6-03FFCF0E99F8}"
EndProject
Project("{9A19103F-16F7-4668-BE54-9A1E7A4F7556}") = "GastroGo.Shared", "GastroGo\Shared\GastroGo.Shared.csproj", "{A333DEF7-5B0D-4E4D-A1E2-25111FA75FBB}"
EndProject
Global
	GlobalSection(SolutionConfigurationPlatforms) = preSolution
		Debug|Any CPU = Debug|Any CPU
		Release|Any CPU = Release|Any CPU
	EndGlobalSection
	GlobalSection(ProjectConfigurationPlatforms) = postSolution
		{6FC6D519-3170-4066-A346-5C5E6E1AC734}.Debug|Any CPU.ActiveCfg = Debug|Any CPU
		{6FC6D519-3170-4066-A346-5C5E6E1AC734}.Debug|Any CPU.Build.0 = Debug|Any CPU
		{6FC6D519-3170-4066-A346-5C5E6E1AC734}.Release|Any CPU.ActiveCfg = Release|Any CPU
		{6FC6D519-3170-4066-A346-5C5E6E1AC734}.Release|Any CPU.Build.0 = Release|Any CPU
		{5B3D321D-E95D-4DD3-BFC6-03FFCF0E99F8}.Debug|Any CPU.ActiveCfg = Debug|Any CPU
		{5B3D321D-E95D-4DD3-BFC6-03FFCF0E99F8}.Debug|Any CPU.Build.0 = Debug|Any CPU
		{5B3D321D-E95D-4DD3-BFC6-03FFCF0E99F8}.Release|Any CPU.ActiveCfg = Release|Any CPU
		{5B3D321D-E95D-4DD3-BFC6-03FFCF0E99F8}.Release|Any CPU.Build.0 = Release|Any CPU
		{A333DEF7-5B0D-4E4D-A1E2-25111FA75FBB}.Debug|Any CPU.ActiveCfg = Debug|Any CPU
		{A333DEF7-5B0D-4E4D-A1E2-25111FA75FBB}.Debug|Any CPU.Build.0 = Debug|Any CPU
		{A333DEF7-5B0D-4E4D-A1E2-25111FA75FBB}.Release|Any CPU.ActiveCfg = Release|Any CPU
		{A333DEF7-5B0D-4E4D-A1E2-25111FA75FBB}.Release|Any CPU.Build.0 = Release|Any CPU
	EndGlobalSection
	GlobalSection(SolutionProperties) = preSolution
		HideSolutionNode = FALSE
	EndGlobalSection
	GlobalSection(ExtensibilityGlobals) = postSolution
		SolutionGuid = {D737D01E-0330-43F6-9C26-157801B0473D}
	EndGlobalSection
EndGlobal
